Microsoft Visual Studio Solution File, Format Version 11.00
# Visual Studio 2008

Project("{E3D57753-2E5E-B9E2-82B1-3430B93E4FB5}") = "_Aspect_Assassin_V02", "Assembly-CSharp-firstpass.csproj", "{4D4EA90C-55E4-131A-ECC9-ED231A8B2437}"
EndProject
Project("{E3D57753-2E5E-B9E2-82B1-3430B93E4FB5}") = "_Aspect_Assassin_V02", "Assembly-CSharp.csproj", "{7975BC7C-4711-FCA7-DF14-65DA1998D6BA}"
EndProject
Project("{E3D57753-2E5E-B9E2-82B1-3430B93E4FB5}") = "_Aspect_Assassin_V02", "Assembly-CSharp-Editor.csproj", "{A8B559EE-9450-E557-3E8F-8A1254F33700}"
EndProject
Project("{E3D57753-2E5E-B9E2-82B1-3430B93E4FB5}") = "_Aspect_Assassin_V02", "Assembly-UnityScript.unityproj", "{BB2EE6EB-E305-572D-95E7-25476FF5183C}"
EndProject
Global
	GlobalSection(SolutionConfigurationPlatforms) = preSolution
		Debug|Any CPU = Debug|Any CPU
		Release|Any CPU = Release|Any CPU
	EndGlobalSection
	GlobalSection(ProjectConfigurationPlatforms) = postSolution
		{4D4EA90C-55E4-131A-ECC9-ED231A8B2437}.Debug|Any CPU.ActiveCfg = Debug|Any CPU
		{4D4EA90C-55E4-131A-ECC9-ED231A8B2437}.Debug|Any CPU.Build.0 = Debug|Any CPU
		{4D4EA90C-55E4-131A-ECC9-ED231A8B2437}.Release|Any CPU.ActiveCfg = Release|Any CPU
		{4D4EA90C-55E4-131A-ECC9-ED231A8B2437}.Release|Any CPU.Build.0 = Release|Any CPU
		{7975BC7C-4711-FCA7-DF14-65DA1998D6BA}.Debug|Any CPU.ActiveCfg = Debug|Any CPU
		{7975BC7C-4711-FCA7-DF14-65DA1998D6BA}.Debug|Any CPU.Build.0 = Debug|Any CPU
		{7975BC7C-4711-FCA7-DF14-65DA1998D6BA}.Release|Any CPU.ActiveCfg = Release|Any CPU
		{7975BC7C-4711-FCA7-DF14-65DA1998D6BA}.Release|Any CPU.Build.0 = Release|Any CPU
		{A8B559EE-9450-E557-3E8F-8A1254F33700}.Debug|Any CPU.ActiveCfg = Debug|Any CPU
		{A8B559EE-9450-E557-3E8F-8A1254F33700}.Debug|Any CPU.Build.0 = Debug|Any CPU
		{A8B559EE-9450-E557-3E8F-8A1254F33700}.Release|Any CPU.ActiveCfg = Release|Any CPU
		{A8B559EE-9450-E557-3E8F-8A1254F33700}.Release|Any CPU.Build.0 = Release|Any CPU
		{BB2EE6EB-E305-572D-95E7-25476FF5183C}.Debug|Any CPU.ActiveCfg = Debug|Any CPU
		{BB2EE6EB-E305-572D-95E7-25476FF5183C}.Debug|Any CPU.Build.0 = Debug|Any CPU
		{BB2EE6EB-E305-572D-95E7-25476FF5183C}.Release|Any CPU.ActiveCfg = Release|Any CPU
		{BB2EE6EB-E305-572D-95E7-25476FF5183C}.Release|Any CPU.Build.0 = Release|Any CPU
	EndGlobalSection
	GlobalSection(SolutionProperties) = preSolution
		HideSolutionNode = FALSE
	EndGlobalSection
					GlobalSection(MonoDevelopProperties) = preSolution
		StartupItem = Assembly-CSharp.csproj
		Policies = $0
		$0.TextStylePolicy = $1
		$1.inheritsSet = null
		$1.scope = text/x-csharp
		$0.CSharpFormattingPolicy = $2
		$2.inheritsSet = Mono
		$2.inheritsScope = text/x-csharp
		$2.scope = text/x-csharp
		$0.TextStylePolicy = $3
		$3.FileWidth = 120
		$3.TabWidth = 4
		$3.IndentWidth = 4
		$3.EolMarker = Unix
		$3.inheritsSet = Mono
		$3.inheritsScope = text/plain
		$3.scope = text/plain
	EndGlobalSection

EndGlobal
