Microsoft Visual Studio Solution File, Format Version 11.00
# Visual Studio 2008

Project("{9D7E8FD6-DD87-E978-20CC-31FB4591DB5E}") = "_Aspect_Assassin_V04", "Assembly-CSharp-firstpass-vs.csproj", "{4EC12DE7-3C23-31E7-5D2B-4E9F26E6CF29}"
EndProject
Project("{9D7E8FD6-DD87-E978-20CC-31FB4591DB5E}") = "_Aspect_Assassin_V04", "Assembly-CSharp-vs.csproj", "{6DB2A717-9B09-FB61-999E-70EAA53A110A}"
EndProject
Project("{9D7E8FD6-DD87-E978-20CC-31FB4591DB5E}") = "_Aspect_Assassin_V04", "Assembly-CSharp-Editor-vs.csproj", "{24CF7678-935E-6B59-DA64-46CF326E85B5}"
EndProject
Global
	GlobalSection(SolutionConfigurationPlatforms) = preSolution
		Debug|Any CPU = Debug|Any CPU
		Release|Any CPU = Release|Any CPU
	EndGlobalSection
	GlobalSection(ProjectConfigurationPlatforms) = postSolution
		{4EC12DE7-3C23-31E7-5D2B-4E9F26E6CF29}.Debug|Any CPU.ActiveCfg = Debug|Any CPU
		{4EC12DE7-3C23-31E7-5D2B-4E9F26E6CF29}.Debug|Any CPU.Build.0 = Debug|Any CPU
		{4EC12DE7-3C23-31E7-5D2B-4E9F26E6CF29}.Release|Any CPU.ActiveCfg = Release|Any CPU
		{4EC12DE7-3C23-31E7-5D2B-4E9F26E6CF29}.Release|Any CPU.Build.0 = Release|Any CPU
		{6DB2A717-9B09-FB61-999E-70EAA53A110A}.Debug|Any CPU.ActiveCfg = Debug|Any CPU
		{6DB2A717-9B09-FB61-999E-70EAA53A110A}.Debug|Any CPU.Build.0 = Debug|Any CPU
		{6DB2A717-9B09-FB61-999E-70EAA53A110A}.Release|Any CPU.ActiveCfg = Release|Any CPU
		{6DB2A717-9B09-FB61-999E-70EAA53A110A}.Release|Any CPU.Build.0 = Release|Any CPU
		{24CF7678-935E-6B59-DA64-46CF326E85B5}.Debug|Any CPU.ActiveCfg = Debug|Any CPU
		{24CF7678-935E-6B59-DA64-46CF326E85B5}.Debug|Any CPU.Build.0 = Debug|Any CPU
		{24CF7678-935E-6B59-DA64-46CF326E85B5}.Release|Any CPU.ActiveCfg = Release|Any CPU
		{24CF7678-935E-6B59-DA64-46CF326E85B5}.Release|Any CPU.Build.0 = Release|Any CPU
	EndGlobalSection
	GlobalSection(SolutionProperties) = preSolution
		HideSolutionNode = FALSE
	EndGlobalSection
																																								GlobalSection(MonoDevelopProperties) = preSolution
		StartupItem = Assembly-CSharp.csproj
		Policies = $0
		$0.TextStylePolicy = $1
		$1.inheritsSet = null
		$1.scope = text/x-csharp
		$0.CSharpFormattingPolicy = $2
		$2.inheritsSet = Mono
		$2.inheritsScope = text/x-csharp
		$2.scope = text/x-csharp
		$0.TextStylePolicy = $3
		$3.FileWidth = 120
		$3.TabWidth = 4
		$3.IndentWidth = 4
		$3.EolMarker = Unix
		$3.inheritsSet = Mono
		$3.inheritsScope = text/plain
		$3.scope = text/plain
	EndGlobalSection

EndGlobal
